Microsoft Visual Studio Solution File, Format Version 12.00
# Visual Studio 15
VisualStudioVersion = 15.0.27428.2037
MinimumVisualStudioVersion = 10.0.40219.1
Project("{9A19103F-16F7-4668-BE54-9A1E7A4F7556}") = "PathWays", "PathWays\PathWays.csproj", "{81F7B454-E84A-4F2A-A15A-D5396CA98191}"
EndProject
Project("{9A19103F-16F7-4668-BE54-9A1E7A4F7556}") = "PathWays.Data.Model", "PathWays.Data.Model\PathWays.Data.Model.csproj", "{EE88B7E0-5A27-40B1-90A8-960081BF6970}"
EndProject
Project("{9A19103F-16F7-4668-BE54-9A1E7A4F7556}") = "PathWays.UserResolverService", "PathWays.UserResolverService\PathWays.UserResolverService.csproj", "{DE2B78F5-3EB6-4434-8C5F-DDFCA787924B}"
EndProject
Project("{9A19103F-16F7-4668-BE54-9A1E7A4F7556}") = "PathWays.Common.Utilities", "PathWays.Common.Utilities\PathWays.Common.Utilities.csproj", "{49C5A15C-8F9F-4D3F-B06E-9AECCFAA7DB7}"
EndProject
Project("{2150E333-8FDC-42A3-9474-1A3956D46DE8}") = "PathWays.Shared", "PathWays.Shared", "{FC4F390D-4B00-4B0D-A7CE-522A155AA88A}"
	ProjectSection(SolutionItems) = preProject
		PathWays.Shared\ProjectBuildProperties.targets = PathWays.Shared\ProjectBuildProperties.targets
		PathWays.Shared\stylecop.json = PathWays.Shared\stylecop.json
		PathWays.Shared\StyleCopeRules.ruleset = PathWays.Shared\StyleCopeRules.ruleset
	EndProjectSection
EndProject
Project("{9A19103F-16F7-4668-BE54-9A1E7A4F7556}") = "PathWays.Data.Repositories", "PathWays.Data.Repositories\PathWays.Data.Repositories.csproj", "{ADC7DD46-382C-42D8-A0B0-2111343EA6DC}"
EndProject
Project("{9A19103F-16F7-4668-BE54-9A1E7A4F7556}") = "PathWays.Services", "PathWays.Services\PathWays.Services.csproj", "{A4E407CC-A830-4D15-8908-F26AC6D0D5B4}"
EndProject
Project("{2150E333-8FDC-42A3-9474-1A3956D46DE8}") = "GraphQL", "GraphQL", "{035A81AF-4741-4DB8-8B66-B4B8FD3937C9}"
EndProject
Project("{9A19103F-16F7-4668-BE54-9A1E7A4F7556}") = "GraphQl.AspNetCore", "GraphQL\GraphQl.AspNetCore\GraphQl.AspNetCore.csproj", "{31A524F5-588E-48DC-A421-01B4CE6A059B}"
EndProject
Project("{9A19103F-16F7-4668-BE54-9A1E7A4F7556}") = "GraphQL.AspNetCore.Graphiql", "GraphQL\GraphQL.AspNetCore.Graphiql\GraphQL.AspNetCore.Graphiql.csproj", "{35C6CB83-B619-4982-8C51-2E2A0279A87A}"
EndProject
Project("{9A19103F-16F7-4668-BE54-9A1E7A4F7556}") = "GraphQL.Authorization", "GraphQL\GraphQL.Authorization\GraphQL.Authorization.csproj", "{5B1DA725-7C33-4F65-B056-304A513C9539}"
EndProject
Project("{9A19103F-16F7-4668-BE54-9A1E7A4F7556}") = "GraphQL.Authorization.Extension", "GraphQL\GraphQL.Authorization.Extension\GraphQL.Authorization.Extension.csproj", "{0C9DF291-5706-44B9-82C1-E0E8AF3DDBA8}"
EndProject
Project("{E53339B2-1760-4266-BCC7-CA923CBCF16C}") = "docker-compose", "docker-compose.dcproj", "{2D13F84D-2EC6-408B-A5CF-24687CB44ACE}"
EndProject
Project("{2150E333-8FDC-42A3-9474-1A3956D46DE8}") = "Solution Items", "Solution Items", "{FCD06D60-BD50-4A6F-940D-3EFA43319C6C}"
	ProjectSection(SolutionItems) = preProject
		Dockerfile = Dockerfile
	EndProjectSection
EndProject
Global
	GlobalSection(SolutionConfigurationPlatforms) = preSolution
		Debug|Any CPU = Debug|Any CPU
		DevServer|Any CPU = DevServer|Any CPU
		Release|Any CPU = Release|Any CPU
	EndGlobalSection
	GlobalSection(ProjectConfigurationPlatforms) = postSolution
		{81F7B454-E84A-4F2A-A15A-D5396CA98191}.Debug|Any CPU.ActiveCfg = Debug|Any CPU
		{81F7B454-E84A-4F2A-A15A-D5396CA98191}.Debug|Any CPU.Build.0 = Debug|Any CPU
		{81F7B454-E84A-4F2A-A15A-D5396CA98191}.DevServer|Any CPU.ActiveCfg = Debug|Any CPU
		{81F7B454-E84A-4F2A-A15A-D5396CA98191}.DevServer|Any CPU.Build.0 = Debug|Any CPU
		{81F7B454-E84A-4F2A-A15A-D5396CA98191}.Release|Any CPU.ActiveCfg = Release|Any CPU
		{81F7B454-E84A-4F2A-A15A-D5396CA98191}.Release|Any CPU.Build.0 = Release|Any CPU
		{EE88B7E0-5A27-40B1-90A8-960081BF6970}.Debug|Any CPU.ActiveCfg = Debug|Any CPU
		{EE88B7E0-5A27-40B1-90A8-960081BF6970}.Debug|Any CPU.Build.0 = Debug|Any CPU
		{EE88B7E0-5A27-40B1-90A8-960081BF6970}.DevServer|Any CPU.ActiveCfg = DevServer|Any CPU
		{EE88B7E0-5A27-40B1-90A8-960081BF6970}.DevServer|Any CPU.Build.0 = DevServer|Any CPU
		{EE88B7E0-5A27-40B1-90A8-960081BF6970}.Release|Any CPU.ActiveCfg = Release|Any CPU
		{EE88B7E0-5A27-40B1-90A8-960081BF6970}.Release|Any CPU.Build.0 = Release|Any CPU
		{DE2B78F5-3EB6-4434-8C5F-DDFCA787924B}.Debug|Any CPU.ActiveCfg = Debug|Any CPU
		{DE2B78F5-3EB6-4434-8C5F-DDFCA787924B}.Debug|Any CPU.Build.0 = Debug|Any CPU
		{DE2B78F5-3EB6-4434-8C5F-DDFCA787924B}.DevServer|Any CPU.ActiveCfg = DevServer|Any CPU
		{DE2B78F5-3EB6-4434-8C5F-DDFCA787924B}.DevServer|Any CPU.Build.0 = DevServer|Any CPU
		{DE2B78F5-3EB6-4434-8C5F-DDFCA787924B}.Release|Any CPU.ActiveCfg = Release|Any CPU
		{DE2B78F5-3EB6-4434-8C5F-DDFCA787924B}.Release|Any CPU.Build.0 = Release|Any CPU
		{49C5A15C-8F9F-4D3F-B06E-9AECCFAA7DB7}.Debug|Any CPU.ActiveCfg = Debug|Any CPU
		{49C5A15C-8F9F-4D3F-B06E-9AECCFAA7DB7}.Debug|Any CPU.Build.0 = Debug|Any CPU
		{49C5A15C-8F9F-4D3F-B06E-9AECCFAA7DB7}.DevServer|Any CPU.ActiveCfg = DevServer|Any CPU
		{49C5A15C-8F9F-4D3F-B06E-9AECCFAA7DB7}.DevServer|Any CPU.Build.0 = DevServer|Any CPU
		{49C5A15C-8F9F-4D3F-B06E-9AECCFAA7DB7}.Release|Any CPU.ActiveCfg = Release|Any CPU
		{49C5A15C-8F9F-4D3F-B06E-9AECCFAA7DB7}.Release|Any CPU.Build.0 = Release|Any CPU
		{ADC7DD46-382C-42D8-A0B0-2111343EA6DC}.Debug|Any CPU.ActiveCfg = Debug|Any CPU
		{ADC7DD46-382C-42D8-A0B0-2111343EA6DC}.Debug|Any CPU.Build.0 = Debug|Any CPU
		{ADC7DD46-382C-42D8-A0B0-2111343EA6DC}.DevServer|Any CPU.ActiveCfg = DevServer|Any CPU
		{ADC7DD46-382C-42D8-A0B0-2111343EA6DC}.DevServer|Any CPU.Build.0 = DevServer|Any CPU
		{ADC7DD46-382C-42D8-A0B0-2111343EA6DC}.Release|Any CPU.ActiveCfg = Release|Any CPU
		{ADC7DD46-382C-42D8-A0B0-2111343EA6DC}.Release|Any CPU.Build.0 = Release|Any CPU
		{A4E407CC-A830-4D15-8908-F26AC6D0D5B4}.Debug|Any CPU.ActiveCfg = Debug|Any CPU
		{A4E407CC-A830-4D15-8908-F26AC6D0D5B4}.Debug|Any CPU.Build.0 = Debug|Any CPU
		{A4E407CC-A830-4D15-8908-F26AC6D0D5B4}.DevServer|Any CPU.ActiveCfg = Debug|Any CPU
		{A4E407CC-A830-4D15-8908-F26AC6D0D5B4}.DevServer|Any CPU.Build.0 = Debug|Any CPU
		{A4E407CC-A830-4D15-8908-F26AC6D0D5B4}.Release|Any CPU.ActiveCfg = Release|Any CPU
		{A4E407CC-A830-4D15-8908-F26AC6D0D5B4}.Release|Any CPU.Build.0 = Release|Any CPU
		{31A524F5-588E-48DC-A421-01B4CE6A059B}.Debug|Any CPU.ActiveCfg = Debug|Any CPU
		{31A524F5-588E-48DC-A421-01B4CE6A059B}.Debug|Any CPU.Build.0 = Debug|Any CPU
		{31A524F5-588E-48DC-A421-01B4CE6A059B}.DevServer|Any CPU.ActiveCfg = Release|Any CPU
		{31A524F5-588E-48DC-A421-01B4CE6A059B}.DevServer|Any CPU.Build.0 = Release|Any CPU
		{31A524F5-588E-48DC-A421-01B4CE6A059B}.Release|Any CPU.ActiveCfg = Release|Any CPU
		{31A524F5-588E-48DC-A421-01B4CE6A059B}.Release|Any CPU.Build.0 = Release|Any CPU
		{35C6CB83-B619-4982-8C51-2E2A0279A87A}.Debug|Any CPU.ActiveCfg = Debug|Any CPU
		{35C6CB83-B619-4982-8C51-2E2A0279A87A}.Debug|Any CPU.Build.0 = Debug|Any CPU
		{35C6CB83-B619-4982-8C51-2E2A0279A87A}.DevServer|Any CPU.ActiveCfg = Release|Any CPU
		{35C6CB83-B619-4982-8C51-2E2A0279A87A}.DevServer|Any CPU.Build.0 = Release|Any CPU
		{35C6CB83-B619-4982-8C51-2E2A0279A87A}.Release|Any CPU.ActiveCfg = Release|Any CPU
		{35C6CB83-B619-4982-8C51-2E2A0279A87A}.Release|Any CPU.Build.0 = Release|Any CPU
		{5B1DA725-7C33-4F65-B056-304A513C9539}.Debug|Any CPU.ActiveCfg = Debug|Any CPU
		{5B1DA725-7C33-4F65-B056-304A513C9539}.Debug|Any CPU.Build.0 = Debug|Any CPU
		{5B1DA725-7C33-4F65-B056-304A513C9539}.DevServer|Any CPU.ActiveCfg = Release|Any CPU
		{5B1DA725-7C33-4F65-B056-304A513C9539}.DevServer|Any CPU.Build.0 = Release|Any CPU
		{5B1DA725-7C33-4F65-B056-304A513C9539}.Release|Any CPU.ActiveCfg = Release|Any CPU
		{5B1DA725-7C33-4F65-B056-304A513C9539}.Release|Any CPU.Build.0 = Release|Any CPU
		{0C9DF291-5706-44B9-82C1-E0E8AF3DDBA8}.Debug|Any CPU.ActiveCfg = Debug|Any CPU
		{0C9DF291-5706-44B9-82C1-E0E8AF3DDBA8}.Debug|Any CPU.Build.0 = Debug|Any CPU
		{0C9DF291-5706-44B9-82C1-E0E8AF3DDBA8}.DevServer|Any CPU.ActiveCfg = Release|Any CPU
		{0C9DF291-5706-44B9-82C1-E0E8AF3DDBA8}.DevServer|Any CPU.Build.0 = Release|Any CPU
		{0C9DF291-5706-44B9-82C1-E0E8AF3DDBA8}.Release|Any CPU.ActiveCfg = Release|Any CPU
		{0C9DF291-5706-44B9-82C1-E0E8AF3DDBA8}.Release|Any CPU.Build.0 = Release|Any CPU
		{2D13F84D-2EC6-408B-A5CF-24687CB44ACE}.Debug|Any CPU.ActiveCfg = Debug|Any CPU
		{2D13F84D-2EC6-408B-A5CF-24687CB44ACE}.Debug|Any CPU.Build.0 = Debug|Any CPU
		{2D13F84D-2EC6-408B-A5CF-24687CB44ACE}.DevServer|Any CPU.ActiveCfg = Debug|Any CPU
		{2D13F84D-2EC6-408B-A5CF-24687CB44ACE}.DevServer|Any CPU.Build.0 = Debug|Any CPU
		{2D13F84D-2EC6-408B-A5CF-24687CB44ACE}.Release|Any CPU.ActiveCfg = Release|Any CPU
		{2D13F84D-2EC6-408B-A5CF-24687CB44ACE}.Release|Any CPU.Build.0 = Release|Any CPU
	EndGlobalSection
	GlobalSection(SolutionProperties) = preSolution
		HideSolutionNode = FALSE
	EndGlobalSection
	GlobalSection(NestedProjects) = preSolution
		{31A524F5-588E-48DC-A421-01B4CE6A059B} = {035A81AF-4741-4DB8-8B66-B4B8FD3937C9}
		{35C6CB83-B619-4982-8C51-2E2A0279A87A} = {035A81AF-4741-4DB8-8B66-B4B8FD3937C9}
		{5B1DA725-7C33-4F65-B056-304A513C9539} = {035A81AF-4741-4DB8-8B66-B4B8FD3937C9}
		{0C9DF291-5706-44B9-82C1-E0E8AF3DDBA8} = {035A81AF-4741-4DB8-8B66-B4B8FD3937C9}
	EndGlobalSection
	GlobalSection(ExtensibilityGlobals) = postSolution
		SolutionGuid = {4819FC69-C7B7-4FBC-9C67-3E7C3245071E}
	EndGlobalSection
EndGlobal
